
Microsoft Visual Studio Solution File, Format Version 12.00
# Visual Studio Version 17
VisualStudioVersion = 17.0.31903.59
MinimumVisualStudioVersion = 10.0.40219.1
Project("{2150E333-8FDC-42A3-9474-1A3956D46DE8}") = "src", "src", "{827E0CD3-B72D-47B6-A68D-7590B98EB39B}"
EndProject
Project("{2150E333-8FDC-42A3-9474-1A3956D46DE8}") = "BssRms.Api", "BssRms.Api", "{C101944C-D438-66BB-4944-253D429E361D}"
EndProject
Project("{FAE04EC0-301F-11D3-BF4B-00C04F79EFBC}") = "BssRms.Api", "src\BssRms.Api\BssRms.Api\BssRms.Api.csproj", "{C8BAA223-5A66-4C8E-B3E5-86902A5A786C}"
EndProject
Project("{2150E333-8FDC-42A3-9474-1A3956D46DE8}") = "BssRms.Application", "BssRms.Application", "{5FAC3489-9EF9-DEC3-BA61-DCE376B39684}"
EndProject
Project("{FAE04EC0-301F-11D3-BF4B-00C04F79EFBC}") = "BssRms.Application", "src\BssRms.Application\BssRms.Application\BssRms.Application.csproj", "{589E9595-06E1-4D37-9D44-8577DD0578D4}"
EndProject
Project("{2150E333-8FDC-42A3-9474-1A3956D46DE8}") = "BssRms.Domain", "BssRms.Domain", "{C93F9DBB-D154-F2D4-0DD3-755745937891}"
EndProject
Project("{FAE04EC0-301F-11D3-BF4B-00C04F79EFBC}") = "BssRms.Domain", "src\BssRms.Domain\BssRms.Domain\BssRms.Domain.csproj", "{360C0C7E-48CB-4E33-8EE8-6AB9EADE36D5}"
EndProject
Project("{2150E333-8FDC-42A3-9474-1A3956D46DE8}") = "BssRms.Infrastructure", "BssRms.Infrastructure", "{16C6D1C5-806E-3400-318F-41FC4453D303}"
EndProject
Project("{FAE04EC0-301F-11D3-BF4B-00C04F79EFBC}") = "BssRms.Infrastructure", "src\BssRms.Infrastructure\BssRms.Infrastructure\BssRms.Infrastructure.csproj", "{030E5172-D502-41B8-AB7D-1E97D81382DD}"
EndProject
Global
	GlobalSection(SolutionConfigurationPlatforms) = preSolution
		Debug|Any CPU = Debug|Any CPU
		Debug|x64 = Debug|x64
		Debug|x86 = Debug|x86
		Release|Any CPU = Release|Any CPU
		Release|x64 = Release|x64
		Release|x86 = Release|x86
	EndGlobalSection
	GlobalSection(ProjectConfigurationPlatforms) = postSolution
		{C8BAA223-5A66-4C8E-B3E5-86902A5A786C}.Debug|Any CPU.ActiveCfg = Debug|Any CPU
		{C8BAA223-5A66-4C8E-B3E5-86902A5A786C}.Debug|Any CPU.Build.0 = Debug|Any CPU
		{C8BAA223-5A66-4C8E-B3E5-86902A5A786C}.Debug|x64.ActiveCfg = Debug|Any CPU
		{C8BAA223-5A66-4C8E-B3E5-86902A5A786C}.Debug|x64.Build.0 = Debug|Any CPU
		{C8BAA223-5A66-4C8E-B3E5-86902A5A786C}.Debug|x86.ActiveCfg = Debug|Any CPU
		{C8BAA223-5A66-4C8E-B3E5-86902A5A786C}.Debug|x86.Build.0 = Debug|Any CPU
		{C8BAA223-5A66-4C8E-B3E5-86902A5A786C}.Release|Any CPU.ActiveCfg = Release|Any CPU
		{C8BAA223-5A66-4C8E-B3E5-86902A5A786C}.Release|Any CPU.Build.0 = Release|Any CPU
		{C8BAA223-5A66-4C8E-B3E5-86902A5A786C}.Release|x64.ActiveCfg = Release|Any CPU
		{C8BAA223-5A66-4C8E-B3E5-86902A5A786C}.Release|x64.Build.0 = Release|Any CPU
		{C8BAA223-5A66-4C8E-B3E5-86902A5A786C}.Release|x86.ActiveCfg = Release|Any CPU
		{C8BAA223-5A66-4C8E-B3E5-86902A5A786C}.Release|x86.Build.0 = Release|Any CPU
		{589E9595-06E1-4D37-9D44-8577DD0578D4}.Debug|Any CPU.ActiveCfg = Debug|Any CPU
		{589E9595-06E1-4D37-9D44-8577DD0578D4}.Debug|Any CPU.Build.0 = Debug|Any CPU
		{589E9595-06E1-4D37-9D44-8577DD0578D4}.Debug|x64.ActiveCfg = Debug|Any CPU
		{589E9595-06E1-4D37-9D44-8577DD0578D4}.Debug|x64.Build.0 = Debug|Any CPU
		{589E9595-06E1-4D37-9D44-8577DD0578D4}.Debug|x86.ActiveCfg = Debug|Any CPU
		{589E9595-06E1-4D37-9D44-8577DD0578D4}.Debug|x86.Build.0 = Debug|Any CPU
		{589E9595-06E1-4D37-9D44-8577DD0578D4}.Release|Any CPU.ActiveCfg = Release|Any CPU
		{589E9595-06E1-4D37-9D44-8577DD0578D4}.Release|Any CPU.Build.0 = Release|Any CPU
		{589E9595-06E1-4D37-9D44-8577DD0578D4}.Release|x64.ActiveCfg = Release|Any CPU
		{589E9595-06E1-4D37-9D44-8577DD0578D4}.Release|x64.Build.0 = Release|Any CPU
		{589E9595-06E1-4D37-9D44-8577DD0578D4}.Release|x86.ActiveCfg = Release|Any CPU
		{589E9595-06E1-4D37-9D44-8577DD0578D4}.Release|x86.Build.0 = Release|Any CPU
		{360C0C7E-48CB-4E33-8EE8-6AB9EADE36D5}.Debug|Any CPU.ActiveCfg = Debug|Any CPU
		{360C0C7E-48CB-4E33-8EE8-6AB9EADE36D5}.Debug|Any CPU.Build.0 = Debug|Any CPU
		{360C0C7E-48CB-4E33-8EE8-6AB9EADE36D5}.Debug|x64.ActiveCfg = Debug|Any CPU
		{360C0C7E-48CB-4E33-8EE8-6AB9EADE36D5}.Debug|x64.Build.0 = Debug|Any CPU
		{360C0C7E-48CB-4E33-8EE8-6AB9EADE36D5}.Debug|x86.ActiveCfg = Debug|Any CPU
		{360C0C7E-48CB-4E33-8EE8-6AB9EADE36D5}.Debug|x86.Build.0 = Debug|Any CPU
		{360C0C7E-48CB-4E33-8EE8-6AB9EADE36D5}.Release|Any CPU.ActiveCfg = Release|Any CPU
		{360C0C7E-48CB-4E33-8EE8-6AB9EADE36D5}.Release|Any CPU.Build.0 = Release|Any CPU
		{360C0C7E-48CB-4E33-8EE8-6AB9EADE36D5}.Release|x64.ActiveCfg = Release|Any CPU
		{360C0C7E-48CB-4E33-8EE8-6AB9EADE36D5}.Release|x64.Build.0 = Release|Any CPU
		{360C0C7E-48CB-4E33-8EE8-6AB9EADE36D5}.Release|x86.ActiveCfg = Release|Any CPU
		{360C0C7E-48CB-4E33-8EE8-6AB9EADE36D5}.Release|x86.Build.0 = Release|Any CPU
		{030E5172-D502-41B8-AB7D-1E97D81382DD}.Debug|Any CPU.ActiveCfg = Debug|Any CPU
		{030E5172-D502-41B8-AB7D-1E97D81382DD}.Debug|Any CPU.Build.0 = Debug|Any CPU
		{030E5172-D502-41B8-AB7D-1E97D81382DD}.Debug|x64.ActiveCfg = Debug|Any CPU
		{030E5172-D502-41B8-AB7D-1E97D81382DD}.Debug|x64.Build.0 = Debug|Any CPU
		{030E5172-D502-41B8-AB7D-1E97D81382DD}.Debug|x86.ActiveCfg = Debug|Any CPU
		{030E5172-D502-41B8-AB7D-1E97D81382DD}.Debug|x86.Build.0 = Debug|Any CPU
		{030E5172-D502-41B8-AB7D-1E97D81382DD}.Release|Any CPU.ActiveCfg = Release|Any CPU
		{030E5172-D502-41B8-AB7D-1E97D81382DD}.Release|Any CPU.Build.0 = Release|Any CPU
		{030E5172-D502-41B8-AB7D-1E97D81382DD}.Release|x64.ActiveCfg = Release|Any CPU
		{030E5172-D502-41B8-AB7D-1E97D81382DD}.Release|x64.Build.0 = Release|Any CPU
		{030E5172-D502-41B8-AB7D-1E97D81382DD}.Release|x86.ActiveCfg = Release|Any CPU
		{030E5172-D502-41B8-AB7D-1E97D81382DD}.Release|x86.Build.0 = Release|Any CPU
	EndGlobalSection
	GlobalSection(SolutionProperties) = preSolution
		HideSolutionNode = FALSE
	EndGlobalSection
	GlobalSection(NestedProjects) = preSolution
		{C101944C-D438-66BB-4944-253D429E361D} = {827E0CD3-B72D-47B6-A68D-7590B98EB39B}
		{C8BAA223-5A66-4C8E-B3E5-86902A5A786C} = {C101944C-D438-66BB-4944-253D429E361D}
		{5FAC3489-9EF9-DEC3-BA61-DCE376B39684} = {827E0CD3-B72D-47B6-A68D-7590B98EB39B}
		{589E9595-06E1-4D37-9D44-8577DD0578D4} = {5FAC3489-9EF9-DEC3-BA61-DCE376B39684}
		{C93F9DBB-D154-F2D4-0DD3-755745937891} = {827E0CD3-B72D-47B6-A68D-7590B98EB39B}
		{360C0C7E-48CB-4E33-8EE8-6AB9EADE36D5} = {C93F9DBB-D154-F2D4-0DD3-755745937891}
		{16C6D1C5-806E-3400-318F-41FC4453D303} = {827E0CD3-B72D-47B6-A68D-7590B98EB39B}
		{030E5172-D502-41B8-AB7D-1E97D81382DD} = {16C6D1C5-806E-3400-318F-41FC4453D303}
	EndGlobalSection
EndGlobal
